
Microsoft Visual Studio Solution File, Format Version 12.00
# Visual Studio Version 16
VisualStudioVersion = 16.0.31410.357
MinimumVisualStudioVersion = 10.0.40219.1
Project("{9A19103F-16F7-4668-BE54-9A1E7A4F7556}") = "N2NGUILauncher.ViewModels", "N2NGUILauncher.ViewModels\N2NGUILauncher.ViewModels.csproj", "{518F35B4-0591-4160-A55D-2AB7D4CDB5E5}"
EndProject
Project("{9A19103F-16F7-4668-BE54-9A1E7A4F7556}") = "N2NGUILauncher", "N2NGUILauncher\N2NGUILauncher.csproj", "{389BD4EB-90C6-43D3-89C3-AEFB61BF38D7}"
EndProject
Project("{9A19103F-16F7-4668-BE54-9A1E7A4F7556}") = "N2NGUILauncher.Models", "N2NGUILauncher.Models\N2NGUILauncher.Models.csproj", "{9EBADCF2-C539-4511-BB75-456D0D4F7667}"
EndProject
Project("{9A19103F-16F7-4668-BE54-9A1E7A4F7556}") = "STUN", "STUN\STUN.csproj", "{272B5F7F-0AEC-4BCB-BE1A-C5D328C1DE79}"
EndProject
Global
	GlobalSection(SolutionConfigurationPlatforms) = preSolution
		Debug|Any CPU = Debug|Any CPU
		Release|Any CPU = Release|Any CPU
	EndGlobalSection
	GlobalSection(ProjectConfigurationPlatforms) = postSolution
		{518F35B4-0591-4160-A55D-2AB7D4CDB5E5}.Debug|Any CPU.ActiveCfg = Debug|Any CPU
		{518F35B4-0591-4160-A55D-2AB7D4CDB5E5}.Debug|Any CPU.Build.0 = Debug|Any CPU
		{518F35B4-0591-4160-A55D-2AB7D4CDB5E5}.Release|Any CPU.ActiveCfg = Release|Any CPU
		{518F35B4-0591-4160-A55D-2AB7D4CDB5E5}.Release|Any CPU.Build.0 = Release|Any CPU
		{389BD4EB-90C6-43D3-89C3-AEFB61BF38D7}.Debug|Any CPU.ActiveCfg = Debug|Any CPU
		{389BD4EB-90C6-43D3-89C3-AEFB61BF38D7}.Debug|Any CPU.Build.0 = Debug|Any CPU
		{389BD4EB-90C6-43D3-89C3-AEFB61BF38D7}.Release|Any CPU.ActiveCfg = Release|Any CPU
		{389BD4EB-90C6-43D3-89C3-AEFB61BF38D7}.Release|Any CPU.Build.0 = Release|Any CPU
		{9EBADCF2-C539-4511-BB75-456D0D4F7667}.Debug|Any CPU.ActiveCfg = Debug|Any CPU
		{9EBADCF2-C539-4511-BB75-456D0D4F7667}.Debug|Any CPU.Build.0 = Debug|Any CPU
		{9EBADCF2-C539-4511-BB75-456D0D4F7667}.Release|Any CPU.ActiveCfg = Release|Any CPU
		{9EBADCF2-C539-4511-BB75-456D0D4F7667}.Release|Any CPU.Build.0 = Release|Any CPU
		{272B5F7F-0AEC-4BCB-BE1A-C5D328C1DE79}.Debug|Any CPU.ActiveCfg = Debug|Any CPU
		{272B5F7F-0AEC-4BCB-BE1A-C5D328C1DE79}.Debug|Any CPU.Build.0 = Debug|Any CPU
		{272B5F7F-0AEC-4BCB-BE1A-C5D328C1DE79}.Release|Any CPU.ActiveCfg = Release|Any CPU
		{272B5F7F-0AEC-4BCB-BE1A-C5D328C1DE79}.Release|Any CPU.Build.0 = Release|Any CPU
	EndGlobalSection
	GlobalSection(SolutionProperties) = preSolution
		HideSolutionNode = FALSE
	EndGlobalSection
	GlobalSection(ExtensibilityGlobals) = postSolution
		SolutionGuid = {52B27D2E-F9AE-4162-8D8B-344C665E03E8}
	EndGlobalSection
EndGlobal
